
Microsoft Visual Studio Solution File, Format Version 12.00
# Visual Studio Version 17
VisualStudioVersion = 17.0.31903.59
MinimumVisualStudioVersion = 10.0.40219.1
Project("{FAE04EC0-301F-11D3-BF4B-00C04F79EFBC}") = "Exercise6", "Exercise6\Exercise6.csproj", "{1DC6BD98-21D0-4706-A94A-98BA4648BFCD}"
EndProject
Project("{FAE04EC0-301F-11D3-BF4B-00C04F79EFBC}") = "Exercise6.Tests", "Exercise6.Tests\Exercise6.Tests.csproj", "{32AAFEDB-C0CF-48FE-B8E1-2866D5F4C3F4}"
EndProject
Global
	GlobalSection(SolutionConfigurationPlatforms) = preSolution
		Debug|Any CPU = Debug|Any CPU
		Release|Any CPU = Release|Any CPU
	EndGlobalSection
	GlobalSection(SolutionProperties) = preSolution
		HideSolutionNode = FALSE
	EndGlobalSection
	GlobalSection(ProjectConfigurationPlatforms) = postSolution
		{1DC6BD98-21D0-4706-A94A-98BA4648BFCD}.Debug|Any CPU.ActiveCfg = Debug|Any CPU
		{1DC6BD98-21D0-4706-A94A-98BA4648BFCD}.Debug|Any CPU.Build.0 = Debug|Any CPU
		{1DC6BD98-21D0-4706-A94A-98BA4648BFCD}.Release|Any CPU.ActiveCfg = Release|Any CPU
		{1DC6BD98-21D0-4706-A94A-98BA4648BFCD}.Release|Any CPU.Build.0 = Release|Any CPU
		{32AAFEDB-C0CF-48FE-B8E1-2866D5F4C3F4}.Debug|Any CPU.ActiveCfg = Debug|Any CPU
		{32AAFEDB-C0CF-48FE-B8E1-2866D5F4C3F4}.Debug|Any CPU.Build.0 = Debug|Any CPU
		{32AAFEDB-C0CF-48FE-B8E1-2866D5F4C3F4}.Release|Any CPU.ActiveCfg = Release|Any CPU
		{32AAFEDB-C0CF-48FE-B8E1-2866D5F4C3F4}.Release|Any CPU.Build.0 = Release|Any CPU
	EndGlobalSection
EndGlobal
