
Microsoft Visual Studio Solution File, Format Version 12.00
Project("{FAE04EC0-301F-11D3-BF4B-00C04F79EFBC}") = "RestApiDocker", "RestApiDocker\RestApiDocker.csproj", "{FC239673-74C5-4343-BC07-1FAF68F88330}"
EndProject
Global
	GlobalSection(SolutionConfigurationPlatforms) = preSolution
		Debug|Any CPU = Debug|Any CPU
		Release|Any CPU = Release|Any CPU
	EndGlobalSection
	GlobalSection(ProjectConfigurationPlatforms) = postSolution
		{FC239673-74C5-4343-BC07-1FAF68F88330}.Debug|Any CPU.ActiveCfg = Debug|Any CPU
		{FC239673-74C5-4343-BC07-1FAF68F88330}.Debug|Any CPU.Build.0 = Debug|Any CPU
		{FC239673-74C5-4343-BC07-1FAF68F88330}.Release|Any CPU.ActiveCfg = Release|Any CPU
		{FC239673-74C5-4343-BC07-1FAF68F88330}.Release|Any CPU.Build.0 = Release|Any CPU
	EndGlobalSection
EndGlobal
